// !$*UTF8*$!
{
	archiveVersion = 1;
	classes = {
	};
	objectVersion = 77;
	objects = {

/* Begin PBXContainerItemProxy section */
		154EA88B2D225D1A00252550 /* PBXContainerItemProxy */ = {
			isa = PBXContainerItemProxy;
			containerPortal = 154EA8692D225D1900252550 /* Project object */;
			proxyType = 1;
			remoteGlobalIDString = 154EA8702D225D1900252550;
			remoteInfo = PracticeCoreData;
		};
		154EA8952D225D1A00252550 /* PBXContainerItemProxy */ = {
			isa = PBXContainerItemProxy;
			containerPortal = 154EA8692D225D1900252550 /* Project object */;
			proxyType = 1;
			remoteGlobalIDString = 154EA8702D225D1900252550;
			remoteInfo = PracticeCoreData;
		};
/* End PBXContainerItemProxy section */

/* Begin PBXFileReference section */
		154EA8712D225D1900252550 /* PracticeCoreData.app */ = {isa = PBXFileReference; explicitFileType = wrapper.application; includeInIndex = 0; path = PracticeCoreData.app; sourceTree = BUILT_PRODUCTS_DIR; };
		154EA88A2D225D1A00252550 /* PracticeCoreDataTests.xctest */ = {isa = PBXFileReference; explicitFileType = wrapper.cfbundle; includeInIndex = 0; path = PracticeCoreDataTests.xctest; sourceTree = BUILT_PRODUCTS_DIR; };
		154EA8942D225D1A00252550 /* PracticeCoreDataUITests.xctest */ = {isa = PBXFileReference; explicitFileType = wrapper.cfbundle; includeInIndex = 0; path = PracticeCoreDataUITests.xctest; sourceTree = BUILT_PRODUCTS_DIR; };
/* End PBXFileReference section */

/* Begin PBXFileSystemSynchronizedBuildFileExceptionSet section */
		154EA89C2D225D1A00252550 /* Exceptions for "PracticeCoreData" folder in "PracticeCoreData" target */ = {
			isa = PBXFileSystemSynchronizedBuildFileExceptionSet;
			membershipExceptions = (
				Info.plist,
			);
			target = 154EA8702D225D1900252550 /* PracticeCoreData */;
		};
/* End PBXFileSystemSynchronizedBuildFileExceptionSet section */

/* Begin PBXFileSystemSynchronizedRootGroup section */
		154EA8732D225D1900252550 /* PracticeCoreData */ = {
			isa = PBXFileSystemSynchronizedRootGroup;
			exceptions = (
				154EA89C2D225D1A00252550 /* Exceptions for "PracticeCoreData" folder in "PracticeCoreData" target */,
			);
			path = PracticeCoreData;
			sourceTree = "<group>";
		};
		154EA88D2D225D1A00252550 /* PracticeCoreDataTests */ = {
			isa = PBXFileSystemSynchronizedRootGroup;
			path = PracticeCoreDataTests;
			sourceTree = "<group>";
		};
		154EA8972D225D1A00252550 /* PracticeCoreDataUITests */ = {
			isa = PBXFileSystemSynchronizedRootGroup;
			path = PracticeCoreDataUITests;
			sourceTree = "<group>";
		};
/* End PBXFileSystemSynchronizedRootGroup section */

/* Begin PBXFrameworksBuildPhase section */
		154EA86E2D225D1900252550 /* Frameworks */ = {
			isa = PBXFrameworksBuildPhase;
			buildActionMask = 2147483647;
			files = (
			);
			runOnlyForDeploymentPostprocessing = 0;
		};
		154EA8872D225D1A00252550 /* Frameworks */ = {
			isa = PBXFrameworksBuildPhase;
			buildActionMask = 2147483647;
			files = (
			);
			runOnlyForDeploymentPostprocessing = 0;
		};
		154EA8912D225D1A00252550 /* Frameworks */ = {
			isa = PBXFrameworksBuildPhase;
			buildActionMask = 2147483647;
			files = (
			);
			runOnlyForDeploymentPostprocessing = 0;
		};
/* End PBXFrameworksBuildPhase section */

/* Begin PBXGroup section */
		154EA8682D225D1900252550 = {
			isa = PBXGroup;
			children = (
				154EA8732D225D1900252550 /* PracticeCoreData */,
				154EA88D2D225D1A00252550 /* PracticeCoreDataTests */,
				154EA8972D225D1A00252550 /* PracticeCoreDataUITests */,
				154EA8722D225D1900252550 /* Products */,
			);
			sourceTree = "<group>";
		};
		154EA8722D225D1900252550 /* Products */ = {
			isa = PBXGroup;
			children = (
				154EA8712D225D1900252550 /* PracticeCoreData.app */,
				154EA88A2D225D1A00252550 /* PracticeCoreDataTests.xctest */,
				154EA8942D225D1A00252550 /* PracticeCoreDataUITests.xctest */,
			);
			name = Products;
			sourceTree = "<group>";
		};
/* End PBXGroup section */

/* Begin PBXNativeTarget section */
		154EA8702D225D1900252550 /* PracticeCoreData */ = {
			isa = PBXNativeTarget;
			buildConfigurationList = 154EA89D2D225D1A00252550 /* Build configuration list for PBXNativeTarget "PracticeCoreData" */;
			buildPhases = (
				154EA86D2D225D1900252550 /* Sources */,
				154EA86E2D225D1900252550 /* Frameworks */,
				154EA86F2D225D1900252550 /* Resources */,
			);
			buildRules = (
			);
			dependencies = (
			);
			fileSystemSynchronizedGroups = (
				154EA8732D225D1900252550 /* PracticeCoreData */,
			);
			name = PracticeCoreData;
			packageProductDependencies = (
			);
			productName = PracticeCoreData;
			productReference = 154EA8712D225D1900252550 /* PracticeCoreData.app */;
			productType = "com.apple.product-type.application";
		};
		154EA8892D225D1A00252550 /* PracticeCoreDataTests */ = {
			isa = PBXNativeTarget;
			buildConfigurationList = 154EA8A22D225D1A00252550 /* Build configuration list for PBXNativeTarget "PracticeCoreDataTests" */;
			buildPhases = (
				154EA8862D225D1A00252550 /* Sources */,
				154EA8872D225D1A00252550 /* Frameworks */,
				154EA8882D225D1A00252550 /* Resources */,
			);
			buildRules = (
			);
			dependencies = (
				154EA88C2D225D1A00252550 /* PBXTargetDependency */,
			);
			fileSystemSynchronizedGroups = (
				154EA88D2D225D1A00252550 /* PracticeCoreDataTests */,
			);
			name = PracticeCoreDataTests;
			packageProductDependencies = (
			);
			productName = PracticeCoreDataTests;
			productReference = 154EA88A2D225D1A00252550 /* PracticeCoreDataTests.xctest */;
			productType = "com.apple.product-type.bundle.unit-test";
		};
		154EA8932D225D1A00252550 /* PracticeCoreDataUITests */ = {
			isa = PBXNativeTarget;
			buildConfigurationList = 154EA8A52D225D1A00252550 /* Build configuration list for PBXNativeTarget "PracticeCoreDataUITests" */;
			buildPhases = (
				154EA8902D225D1A00252550 /* Sources */,
				154EA8912D225D1A00252550 /* Frameworks */,
				154EA8922D225D1A00252550 /* Resources */,
			);
			buildRules = (
			);
			dependencies = (
				154EA8962D225D1A00252550 /* PBXTargetDependency */,
			);
			fileSystemSynchronizedGroups = (
				154EA8972D225D1A00252550 /* PracticeCoreDataUITests */,
			);
			name = PracticeCoreDataUITests;
			packageProductDependencies = (
			);
			productName = PracticeCoreDataUITests;
			productReference = 154EA8942D225D1A00252550 /* PracticeCoreDataUITests.xctest */;
			productType = "com.apple.product-type.bundle.ui-testing";
		};
/* End PBXNativeTarget section */

/* Begin PBXProject section */
		154EA8692D225D1900252550 /* Project object */ = {
			isa = PBXProject;
			attributes = {
				BuildIndependentTargetsInParallel = 1;
				LastSwiftUpdateCheck = 1610;
				LastUpgradeCheck = 1610;
				TargetAttributes = {
					154EA8702D225D1900252550 = {
						CreatedOnToolsVersion = 16.1;
					};
					154EA8892D225D1A00252550 = {
						CreatedOnToolsVersion = 16.1;
						TestTargetID = 154EA8702D225D1900252550;
					};
					154EA8932D225D1A00252550 = {
						CreatedOnToolsVersion = 16.1;
						TestTargetID = 154EA8702D225D1900252550;
					};
				};
			};
			buildConfigurationList = 154EA86C2D225D1900252550 /* Build configuration list for PBXProject "PracticeCoreData" */;
			developmentRegion = en;
			hasScannedForEncodings = 0;
			knownRegions = (
				en,
				Base,
			);
			mainGroup = 154EA8682D225D1900252550;
			minimizedProjectReferenceProxies = 1;
			preferredProjectObjectVersion = 77;
			productRefGroup = 154EA8722D225D1900252550 /* Products */;
			projectDirPath = "";
			projectRoot = "";
			targets = (
				154EA8702D225D1900252550 /* PracticeCoreData */,
				154EA8892D225D1A00252550 /* PracticeCoreDataTests */,
				154EA8932D225D1A00252550 /* PracticeCoreDataUITests */,
			);
		};
/* End PBXProject section */

/* Begin PBXResourcesBuildPhase section */
		154EA86F2D225D1900252550 /* Resources */ = {
			isa = PBXResourcesBuildPhase;
			buildActionMask = 2147483647;
			files = (
			);
			runOnlyForDeploymentPostprocessing = 0;
		};
		154EA8882D225D1A00252550 /* Resources */ = {
			isa = PBXResourcesBuildPhase;
			buildActionMask = 2147483647;
			files = (
			);
			runOnlyForDeploymentPostprocessing = 0;
		};
		154EA8922D225D1A00252550 /* Resources */ = {
			isa = PBXResourcesBuildPhase;
			buildActionMask = 2147483647;
			files = (
			);
			runOnlyForDeploymentPostprocessing = 0;
		};
/* End PBXResourcesBuildPhase section */

/* Begin PBXSourcesBuildPhase section */
		154EA86D2D225D1900252550 /* Sources */ = {
			isa = PBXSourcesBuildPhase;
			buildActionMask = 2147483647;
			files = (
			);
			runOnlyForDeploymentPostprocessing = 0;
		};
		154EA8862D225D1A00252550 /* Sources */ = {
			isa = PBXSourcesBuildPhase;
			buildActionMask = 2147483647;
			files = (
			);
			runOnlyForDeploymentPostprocessing = 0;
		};
		154EA8902D225D1A00252550 /* Sources */ = {
			isa = PBXSourcesBuildPhase;
			buildActionMask = 2147483647;
			files = (
			);
			runOnlyForDeploymentPostprocessing = 0;
		};
/* End PBXSourcesBuildPhase section */

/* Begin PBXTargetDependency section */
		154EA88C2D225D1A00252550 /* PBXTargetDependency */ = {
			isa = PBXTargetDependency;
			target = 154EA8702D225D1900252550 /* PracticeCoreData */;
			targetProxy = 154EA88B2D225D1A00252550 /* PBXContainerItemProxy */;
		};
		154EA8962D225D1A00252550 /* PBXTargetDependency */ = {
			isa = PBXTargetDependency;
			target = 154EA8702D225D1900252550 /* PracticeCoreData */;
			targetProxy = 154EA8952D225D1A00252550 /* PBXContainerItemProxy */;
		};
/* End PBXTargetDependency section */

/* Begin XCBuildConfiguration section */
		154EA89E2D225D1A00252550 /* Debug */ = {
			isa = XCBuildConfiguration;
			buildSettings = {
				ASSETCATALOG_COMPILER_APPICON_NAME = AppIcon;
				ASSETCATALOG_COMPILER_GLOBAL_ACCENT_COLOR_NAME = AccentColor;
				CODE_SIGN_STYLE = Automatic;
				CURRENT_PROJECT_VERSION = 1;
				DEVELOPMENT_TEAM = M426K645Y9;
				GENERATE_INFOPLIST_FILE = YES;
				INFOPLIST_FILE = PracticeCoreData/Info.plist;
				INFOPLIST_KEY_UIApplicationSupportsIndirectInputEvents = YES;
				INFOPLIST_KEY_UILaunchStoryboardName = LaunchScreen;
				INFOPLIST_KEY_UIMainStoryboardFile = Main;
				INFOPLIST_KEY_UISupportedInterfaceOrientations_iPad = "UIInterfaceOrientationPortrait UIInterfaceOrientationPortraitUpsideDown UIInterfaceOrientationLandscapeLeft UIInterfaceOrientationLandscapeRight";
				INFOPLIST_KEY_UISupportedInterfaceOrientations_iPhone = "UIInterfaceOrientationPortrait UIInterfaceOrientationLandscapeLeft UIInterfaceOrientationLandscapeRight";
				LD_RUNPATH_SEARCH_PATHS = (
					"$(inherited)",
					"@executable_path/Frameworks",
				);
				MARKETING_VERSION = 1.0;
				PRODUCT_BUNDLE_IDENTIFIER = com.zaman.PracticeCoreData;
				PRODUCT_NAME = "$(TARGET_NAME)";
				SWIFT_EMIT_LOC_STRINGS = YES;
				SWIFT_VERSION = 5.0;
				TARGETED_DEVICE_FAMILY = "1,2";
			};
			name = Debug;
		};
		154EA89F2D225D1A00252550 /* Release */ = {
			isa = XCBuildConfiguration;
			buildSettings = {
				ASSETCATALOG_COMPILER_APPICON_NAME = AppIcon;
				ASSETCATALOG_COMPILER_GLOBAL_ACCENT_COLOR_NAME = AccentColor;
				CODE_SIGN_STYLE = Automatic;
				CURRENT_PROJECT_VERSION = 1;
				DEVELOPMENT_TEAM = M426K645Y9;
				GENERATE_INFOPLIST_FILE = YES;
				INFOPLIST_FILE = PracticeCoreData/Info.plist;
				INFOPLIST_KEY_UIApplicationSupportsIndirectInputEvents = YES;
				INFOPLIST_KEY_UILaunchStoryboardName = LaunchScreen;
				INFOPLIST_KEY_UIMainStoryboardFile = Main;
				INFOPLIST_KEY_UISupportedInterfaceOrientations_iPad = "UIInterfaceOrientationPortrait UIInterfaceOrientationPortraitUpsideDown UIInterfaceOrientationLandscapeLeft UIInterfaceOrientationLandscapeRight";
				INFOPLIST_KEY_UISupportedInterfaceOrientations_iPhone = "UIInterfaceOrientationPortrait UIInterfaceOrientationLandscapeLeft UIInterfaceOrientationLandscapeRight";
				LD_RUNPATH_SEARCH_PATHS = (
					"$(inherited)",
					"@executable_path/Frameworks",
				);
				MARKETING_VERSION = 1.0;
				PRODUCT_BUNDLE_IDENTIFIER = com.zaman.PracticeCoreData;
				PRODUCT_NAME = "$(TARGET_NAME)";
				SWIFT_EMIT_LOC_STRINGS = YES;
				SWIFT_VERSION = 5.0;
				TARGETED_DEVICE_FAMILY = "1,2";
			};
			name = Release;
		};
		154EA8A02D225D1A00252550 /* Debug */ = {
			isa = XCBuildConfiguration;
			buildSettings = {
				ALWAYS_SEARCH_USER_PATHS = NO;
				ASSETCATALOG_COMPILER_GENERATE_SWIFT_ASSET_SYMBOL_EXTENSIONS = YES;
				CLANG_ANALYZER_NONNULL = YES;
				CLANG_ANALYZER_NUMBER_OBJECT_CONVERSION = YES_AGGRESSIVE;
				CLANG_CXX_LANGUAGE_STANDARD = "gnu++20";
				CLANG_ENABLE_MODULES = YES;
				CLANG_ENABLE_OBJC_ARC = YES;
				CLANG_ENABLE_OBJC_WEAK = YES;
				CLANG_WARN_BLOCK_CAPTURE_AUTORELEASING = YES;
				CLANG_WARN_BOOL_CONVERSION = YES;
				CLANG_WARN_COMMA = YES;
				CLANG_WARN_CONSTANT_CONVERSION = YES;
				CLANG_WARN_DEPRECATED_OBJC_IMPLEMENTATIONS = YES;
				CLANG_WARN_DIRECT_OBJC_ISA_USAGE = YES_ERROR;
				CLANG_WARN_DOCUMENTATION_COMMENTS = YES;
				CLANG_WARN_EMPTY_BODY = YES;
				CLANG_WARN_ENUM_CONVERSION = YES;
				CLANG_WARN_INFINITE_RECURSION = YES;
				CLANG_WARN_INT_CONVERSION = YES;
				CLANG_WARN_NON_LITERAL_NULL_CONVERSION = YES;
				CLANG_WARN_OBJC_IMPLICIT_RETAIN_SELF = YES;
				CLANG_WARN_OBJC_LITERAL_CONVERSION = YES;
				CLANG_WARN_OBJC_ROOT_CLASS = YES_ERROR;
				CLANG_WARN_QUOTED_INCLUDE_IN_FRAMEWORK_HEADER = YES;
				CLANG_WARN_RANGE_LOOP_ANALYSIS = YES;
				CLANG_WARN_STRICT_PROTOTYPES = YES;
				CLANG_WARN_SUSPICIOUS_MOVE = YES;
				CLANG_WARN_UNGUARDED_AVAILABILITY = YES_AGGRESSIVE;
				CLANG_WARN_UNREACHABLE_CODE = YES;
				CLANG_WARN__DUPLICATE_METHOD_MATCH = YES;
				COPY_PHASE_STRIP = NO;
				DEBUG_INFORMATION_FORMAT = dwarf;
				ENABLE_STRICT_OBJC_MSGSEND = YES;
				ENABLE_TESTABILITY = YES;
				ENABLE_USER_SCRIPT_SANDBOXING = YES;
				GCC_C_LANGUAGE_STANDARD = gnu17;
				GCC_DYNAMIC_NO_PIC = NO;
				GCC_NO_COMMON_BLOCKS = YES;
				GCC_OPTIMIZATION_LEVEL = 0;
				GCC_PREPROCESSOR_DEFINITIONS = (
					"DEBUG=1",
					"$(inherited)",
				);
				GCC_WARN_64_TO_32_BIT_CONVERSION = YES;
				GCC_WARN_ABOUT_RETURN_TYPE = YES_ERROR;
				GCC_WARN_UNDECLARED_SELECTOR = YES;
				GCC_WARN_UNINITIALIZED_AUTOS = YES_AGGRESSIVE;
				GCC_WARN_UNUSED_FUNCTION = YES;
				GCC_WARN_UNUSED_VARIABLE = YES;
				IPHONEOS_DEPLOYMENT_TARGET = 18.1;
				LOCALIZATION_PREFERS_STRING_CATALOGS = YES;
				MTL_ENABLE_DEBUG_INFO = INCLUDE_SOURCE;
				MTL_FAST_MATH = YES;
				ONLY_ACTIVE_ARCH = YES;
				SDKROOT = iphoneos;
				SWIFT_ACTIVE_COMPILATION_CONDITIONS = "DEBUG $(inherited)";
				SWIFT_OPTIMIZATION_LEVEL = "-Onone";
			};
			name = Debug;
		};
		154EA8A12D225D1A00252550 /* Release */ = {
			isa = XCBuildConfiguration;
			buildSettings = {
				ALWAYS_SEARCH_USER_PATHS = NO;
				ASSETCATALOG_COMPILER_GENERATE_SWIFT_ASSET_SYMBOL_EXTENSIONS = YES;
				CLANG_ANALYZER_NONNULL = YES;
				CLANG_ANALYZER_NUMBER_OBJECT_CONVERSION = YES_AGGRESSIVE;
				CLANG_CXX_LANGUAGE_STANDARD = "gnu++20";
				CLANG_ENABLE_MODULES = YES;
				CLANG_ENABLE_OBJC_ARC = YES;
				CLANG_ENABLE_OBJC_WEAK = YES;
				CLANG_WARN_BLOCK_CAPTURE_AUTORELEASING = YES;
				CLANG_WARN_BOOL_CONVERSION = YES;
				CLANG_WARN_COMMA = YES;
				CLANG_WARN_CONSTANT_CONVERSION = YES;
				CLANG_WARN_DEPRECATED_OBJC_IMPLEMENTATIONS = YES;
				CLANG_WARN_DIRECT_OBJC_ISA_USAGE = YES_ERROR;
				CLANG_WARN_DOCUMENTATION_COMMENTS = YES;
				CLANG_WARN_EMPTY_BODY = YES;
				CLANG_WARN_ENUM_CONVERSION = YES;
				CLANG_WARN_INFINITE_RECURSION = YES;
				CLANG_WARN_INT_CONVERSION = YES;
				CLANG_WARN_NON_LITERAL_NULL_CONVERSION = YES;
				CLANG_WARN_OBJC_IMPLICIT_RETAIN_SELF = YES;
				CLANG_WARN_OBJC_LITERAL_CONVERSION = YES;
				CLANG_WARN_OBJC_ROOT_CLASS = YES_ERROR;
				CLANG_WARN_QUOTED_INCLUDE_IN_FRAMEWORK_HEADER = YES;
				CLANG_WARN_RANGE_LOOP_ANALYSIS = YES;
				CLANG_WARN_STRICT_PROTOTYPES = YES;
				CLANG_WARN_SUSPICIOUS_MOVE = YES;
				CLANG_WARN_UNGUARDED_AVAILABILITY = YES_AGGRESSIVE;
				CLANG_WARN_UNREACHABLE_CODE = YES;
				CLANG_WARN__DUPLICATE_METHOD_MATCH = YES;
				COPY_PHASE_STRIP = NO;
				DEBUG_INFORMATION_FORMAT = "dwarf-with-dsym";
				ENABLE_NS_ASSERTIONS = NO;
				ENABLE_STRICT_OBJC_MSGSEND = YES;
				ENABLE_USER_SCRIPT_SANDBOXING = YES;
				GCC_C_LANGUAGE_STANDARD = gnu17;
				GCC_NO_COMMON_BLOCKS = YES;
				GCC_WARN_64_TO_32_BIT_CONVERSION = YES;
				GCC_WARN_ABOUT_RETURN_TYPE = YES_ERROR;
				GCC_WARN_UNDECLARED_SELECTOR = YES;
				GCC_WARN_UNINITIALIZED_AUTOS = YES_AGGRESSIVE;
				GCC_WARN_UNUSED_FUNCTION = YES;
				GCC_WARN_UNUSED_VARIABLE = YES;
				IPHONEOS_DEPLOYMENT_TARGET = 18.1;
				LOCALIZATION_PREFERS_STRING_CATALOGS = YES;
				MTL_ENABLE_DEBUG_INFO = NO;
				MTL_FAST_MATH = YES;
				SDKROOT = iphoneos;
				SWIFT_COMPILATION_MODE = wholemodule;
				VALIDATE_PRODUCT = YES;
			};
			name = Release;
		};
		154EA8A32D225D1A00252550 /* Debug */ = {
			isa = XCBuildConfiguration;
			buildSettings = {
				BUNDLE_LOADER = "$(TEST_HOST)";
				CODE_SIGN_STYLE = Automatic;
				CURRENT_PROJECT_VERSION = 1;
				DEVELOPMENT_TEAM = M426K645Y9;
				GENERATE_INFOPLIST_FILE = YES;
				IPHONEOS_DEPLOYMENT_TARGET = 18.1;
				MARKETING_VERSION = 1.0;
				PRODUCT_BUNDLE_IDENTIFIER = com.zaman.PracticeCoreDataTests;
				PRODUCT_NAME = "$(TARGET_NAME)";
				SWIFT_EMIT_LOC_STRINGS = NO;
				SWIFT_VERSION = 5.0;
				TARGETED_DEVICE_FAMILY = "1,2";
				TEST_HOST = "$(BUILT_PRODUCTS_DIR)/PracticeCoreData.app/$(BUNDLE_EXECUTABLE_FOLDER_PATH)/PracticeCoreData";
			};
			name = Debug;
		};
		154EA8A42D225D1A00252550 /* Release */ = {
			isa = XCBuildConfiguration;
			buildSettings = {
				BUNDLE_LOADER = "$(TEST_HOST)";
				CODE_SIGN_STYLE = Automatic;
				CURRENT_PROJECT_VERSION = 1;
				DEVELOPMENT_TEAM = M426K645Y9;
				GENERATE_INFOPLIST_FILE = YES;
				IPHONEOS_DEPLOYMENT_TARGET = 18.1;
				MARKETING_VERSION = 1.0;
				PRODUCT_BUNDLE_IDENTIFIER = com.zaman.PracticeCoreDataTests;
				PRODUCT_NAME = "$(TARGET_NAME)";
				SWIFT_EMIT_LOC_STRINGS = NO;
				SWIFT_VERSION = 5.0;
				TARGETED_DEVICE_FAMILY = "1,2";
				TEST_HOST = "$(BUILT_PRODUCTS_DIR)/PracticeCoreData.app/$(BUNDLE_EXECUTABLE_FOLDER_PATH)/PracticeCoreData";
			};
			name = Release;
		};
		154EA8A62D225D1A00252550 /* Debug */ = {
			isa = XCBuildConfiguration;
			buildSettings = {
				CODE_SIGN_STYLE = Automatic;
				CURRENT_PROJECT_VERSION = 1;
				DEVELOPMENT_TEAM = M426K645Y9;
				GENERATE_INFOPLIST_FILE = YES;
				MARKETING_VERSION = 1.0;
				PRODUCT_BUNDLE_IDENTIFIER = com.zaman.PracticeCoreDataUITests;
				PRODUCT_NAME = "$(TARGET_NAME)";
				SWIFT_EMIT_LOC_STRINGS = NO;
				SWIFT_VERSION = 5.0;
				TARGETED_DEVICE_FAMILY = "1,2";
				TEST_TARGET_NAME = PracticeCoreData;
			};
			name = Debug;
		};
		154EA8A72D225D1A00252550 /* Release */ = {
			isa = XCBuildConfiguration;
			buildSettings = {
				CODE_SIGN_STYLE = Automatic;
				CURRENT_PROJECT_VERSION = 1;
				DEVELOPMENT_TEAM = M426K645Y9;
				GENERATE_INFOPLIST_FILE = YES;
				MARKETING_VERSION = 1.0;
				PRODUCT_BUNDLE_IDENTIFIER = com.zaman.PracticeCoreDataUITests;
				PRODUCT_NAME = "$(TARGET_NAME)";
				SWIFT_EMIT_LOC_STRINGS = NO;
				SWIFT_VERSION = 5.0;
				TARGETED_DEVICE_FAMILY = "1,2";
				TEST_TARGET_NAME = PracticeCoreData;
			};
			name = Release;
		};
/* End XCBuildConfiguration section */

/* Begin XCConfigurationList section */
		154EA86C2D225D1900252550 /* Build configuration list for PBXProject "PracticeCoreData" */ = {
			isa = XCConfigurationList;
			buildConfigurations = (
				154EA8A02D225D1A00252550 /* Debug */,
				154EA8A12D225D1A00252550 /* Release */,
			);
			defaultConfigurationIsVisible = 0;
			defaultConfigurationName = Release;
		};
		154EA89D2D225D1A00252550 /* Build configuration list for PBXNativeTarget "PracticeCoreData" */ = {
			isa = XCConfigurationList;
			buildConfigurations = (
				154EA89E2D225D1A00252550 /* Debug */,
				154EA89F2D225D1A00252550 /* Release */,
			);
			defaultConfigurationIsVisible = 0;
			defaultConfigurationName = Release;
		};
		154EA8A22D225D1A00252550 /* Build configuration list for PBXNativeTarget "PracticeCoreDataTests" */ = {
			isa = XCConfigurationList;
			buildConfigurations = (
				154EA8A32D225D1A00252550 /* Debug */,
				154EA8A42D225D1A00252550 /* Release */,
			);
			defaultConfigurationIsVisible = 0;
			defaultConfigurationName = Release;
		};
		154EA8A52D225D1A00252550 /* Build configuration list for PBXNativeTarget "PracticeCoreDataUITests" */ = {
			isa = XCConfigurationList;
			buildConfigurations = (
				154EA8A62D225D1A00252550 /* Debug */,
				154EA8A72D225D1A00252550 /* Release */,
			);
			defaultConfigurationIsVisible = 0;
			defaultConfigurationName = Release;
		};
/* End XCConfigurationList section */
	};
	rootObject = 154EA8692D225D1900252550 /* Project object */;
}
